{
  "nodes": {
    "deploy-rs": {
      "inputs": {
        "flake-compat": "flake-compat",
        "nixpkgs": [
          "nixpkgs"
        ],
        "utils": "utils"
      },
      "locked": {
        "lastModified": 1718194053,
        "narHash": "sha256-FaGrf7qwZ99ehPJCAwgvNY5sLCqQ3GDiE/6uLhxxwSY=",
        "owner": "serokell",
        "repo": "deploy-rs",
        "rev": "3867348fa92bc892eba5d9ddb2d7a97b9e127a8a",
        "type": "github"
      },
      "original": {
        "owner": "serokell",
        "repo": "deploy-rs",
        "type": "github"
      }
    },
    "disko": {
      "inputs": {
        "nixpkgs": [
          "nixpkgs"
        ]
      },
      "locked": {
        "lastModified": 1721417620,
        "narHash": "sha256-6q9b1h8fI3hXg2DG6/vrKWCeG8c5Wj2Kvv22RCgedzg=",
        "owner": "nix-community",
        "repo": "disko",
        "rev": "bec6e3cde912b8acb915fecdc509eda7c973fb42",
        "type": "github"
      },
      "original": {
        "owner": "nix-community",
        "repo": "disko",
        "type": "github"
      }
    },
    "flake-compat": {
      "flake": false,
      "locked": {
        "lastModified": 1696426674,
        "narHash": "sha256-kvjfFW7WAETZlt09AgDn1MrtKzP7t90Vf7vypd3OL1U=",
        "owner": "edolstra",
        "repo": "flake-compat",
        "rev": "0f9255e01c2351cc7d116c072cb317785dd33b33",
        "type": "github"
      },
      "original": {
        "owner": "edolstra",
        "repo": "flake-compat",
        "type": "github"
      }
    },
    "flake-parts": {
      "inputs": {
        "nixpkgs-lib": "nixpkgs-lib"
      },
      "locked": {
        "lastModified": 1719994518,
        "narHash": "sha256-pQMhCCHyQGRzdfAkdJ4cIWiw+JNuWsTX7f0ZYSyz0VY=",
        "owner": "hercules-ci",
        "repo": "flake-parts",
        "rev": "9227223f6d922fee3c7b190b2cc238a99527bbb7",
        "type": "github"
      },
      "original": {
        "owner": "hercules-ci",
        "repo": "flake-parts",
        "type": "github"
      }
    },
    "grafana-node-dashboard": {
      "flake": false,
      "locked": {
        "lastModified": 1716393782,
        "narHash": "sha256-9BYujV2xXRRDvNI4sjimZEB4Z2TY/0WhwJRh5P122rs=",
        "owner": "rfmoz",
        "repo": "grafana-dashboards",
        "rev": "cad8539cc4c4ed043935e69b9c1ec23e551806f4",
        "type": "github"
      },
      "original": {
        "owner": "rfmoz",
        "repo": "grafana-dashboards",
        "type": "github"
      }
    },
    "hardware": {
      "locked": {
        "lastModified": 1721413321,
        "narHash": "sha256-0GdiQScDceUrVGbxYpV819LHesK3szHOhJ09e6sgES4=",
        "owner": "nixos",
        "repo": "nixos-hardware",
        "rev": "ab165a8a6cd12781d76fe9cbccb9e975d0fb634f",
        "type": "github"
      },
      "original": {
        "owner": "nixos",
        "repo": "nixos-hardware",
        "type": "github"
      }
    },
    "nixpkgs": {
      "locked": {
        "lastModified": 1721379653,
        "narHash": "sha256-8MUgifkJ7lkZs3u99UDZMB4kbOxvMEXQZ31FO3SopZ0=",
        "owner": "nixos",
        "repo": "nixpkgs",
        "rev": "1d9c2c9b3e71b9ee663d11c5d298727dace8d374",
        "type": "github"
      },
      "original": {
        "owner": "nixos",
        "ref": "nixos-unstable",
        "repo": "nixpkgs",
        "type": "github"
      }
    },
    "nixpkgs-lib": {
      "locked": {
        "lastModified": 1719876945,
        "narHash": "sha256-Fm2rDDs86sHy0/1jxTOKB1118Q0O3Uc7EC0iXvXKpbI=",
        "type": "tarball",
        "url": "https://github.com/NixOS/nixpkgs/archive/5daf0514482af3f97abaefc78a6606365c9108e2.tar.gz"
      },
      "original": {
        "type": "tarball",
        "url": "https://github.com/NixOS/nixpkgs/archive/5daf0514482af3f97abaefc78a6606365c9108e2.tar.gz"
      }
    },
    "nixpkgs-stable": {
      "locked": {
        "lastModified": 1720915306,
        "narHash": "sha256-6vuViC56+KSr+945bCV8akHK+7J5k6n/epYg/W3I5eQ=",
        "owner": "NixOS",
        "repo": "nixpkgs",
        "rev": "74348da2f3a312ee25cea09b98cdba4cb9fa5d5d",
        "type": "github"
      },
      "original": {
        "owner": "NixOS",
        "ref": "release-24.05",
        "repo": "nixpkgs",
        "type": "github"
      }
    },
    "root": {
      "inputs": {
        "deploy-rs": "deploy-rs",
        "disko": "disko",
        "flake-parts": "flake-parts",
        "grafana-node-dashboard": "grafana-node-dashboard",
        "hardware": "hardware",
        "nixpkgs": "nixpkgs",
        "sops-nix": "sops-nix",
        "srvos": "srvos"
      }
    },
    "sops-nix": {
      "inputs": {
        "nixpkgs": [
          "nixpkgs"
        ],
        "nixpkgs-stable": "nixpkgs-stable"
      },
      "locked": {
        "lastModified": 1720926522,
        "narHash": "sha256-eTpnrT6yu1vp8C0B5fxHXhgKxHoYMoYTEikQx///jxY=",
        "owner": "mic92",
        "repo": "sops-nix",
        "rev": "0703ba03fd9c1665f8ab68cc3487302475164617",
        "type": "github"
      },
      "original": {
        "owner": "mic92",
        "repo": "sops-nix",
        "type": "github"
      }
    },
    "srvos": {
      "inputs": {
        "nixpkgs": [
          "nixpkgs"
        ]
      },
      "locked": {
        "lastModified": 1721263500,
        "narHash": "sha256-6l0+MciXkktANuZ+Rwc6BZJxtMi7jHZRiSnzG+xpwyk=",
        "owner": "nix-community",
        "repo": "srvos",
        "rev": "ef4f2248e1bbd84a0dd269ab31b9927d9c0bf2e6",
        "type": "github"
      },
      "original": {
        "owner": "nix-community",
        "repo": "srvos",
        "type": "github"
      }
    },
    "systems": {
      "locked": {
        "lastModified": 1681028828,
        "narHash": "sha256-Vy1rq5AaRuLzOxct8nz4T6wlgyUR7zLU309k9mBC768=",
        "owner": "nix-systems",
        "repo": "default",
        "rev": "da67096a3b9bf56a91d16901293e51ba5b49a27e",
        "type": "github"
      },
      "original": {
        "owner": "nix-systems",
        "repo": "default",
        "type": "github"
      }
    },
    "utils": {
      "inputs": {
        "systems": "systems"
      },
      "locked": {
        "lastModified": 1701680307,
        "narHash": "sha256-kAuep2h5ajznlPMD9rnQyffWG8EM/C73lejGofXvdM8=",
        "owner": "numtide",
        "repo": "flake-utils",
        "rev": "4022d587cbbfd70fe950c1e2083a02621806a725",
        "type": "github"
      },
      "original": {
        "owner": "numtide",
        "repo": "flake-utils",
        "type": "github"
      }
    }
  },
  "root": "root",
  "version": 7
}
